
Microsoft Visual Studio Solution File, Format Version 12.00
# Visual Studio 14
VisualStudioVersion = 14.0.22823.1
MinimumVisualStudioVersion = 10.0.40219.1
Project("{FAE04EC0-301F-11D3-BF4B-00C04F79EFBC}") = "TestWebApplication", "TestWebApplication\TestWebApplication.csproj", "{70088004-CA6D-49BE-9651-CDC9B27C91B5}"
EndProject
Project("{2150E333-8FDC-42A3-9474-1A3956D46DE8}") = "PublishScripts", "PublishScripts", "{A9345EEB-A5E2-4F8F-AFBE-02CC5230EF81}"
	ProjectSection(SolutionItems) = preProject
		PublishScripts\AzureWebsitePublishModule.psm1 = PublishScripts\AzureWebsitePublishModule.psm1
		PublishScripts\Publish-WebApplicationWebsite.ps1 = PublishScripts\Publish-WebApplicationWebsite.ps1
	EndProjectSection
EndProject
Project("{2150E333-8FDC-42A3-9474-1A3956D46DE8}") = "Configurations", "Configurations", "{F2316F69-0908-4206-85BA-65AF879EB1A3}"
	ProjectSection(SolutionItems) = preProject
		PublishScripts\Configurations\TestWebApplication-WAWS-dev.json = PublishScripts\Configurations\TestWebApplication-WAWS-dev.json
	EndProjectSection
EndProject
Global
	GlobalSection(SolutionConfigurationPlatforms) = preSolution
		Debug|Any CPU = Debug|Any CPU
		Release|Any CPU = Release|Any CPU
	EndGlobalSection
	GlobalSection(ProjectConfigurationPlatforms) = postSolution
		{70088004-CA6D-49BE-9651-CDC9B27C91B5}.Debug|Any CPU.ActiveCfg = Debug|Any CPU
		{70088004-CA6D-49BE-9651-CDC9B27C91B5}.Debug|Any CPU.Build.0 = Debug|Any CPU
		{70088004-CA6D-49BE-9651-CDC9B27C91B5}.Release|Any CPU.ActiveCfg = Release|Any CPU
		{70088004-CA6D-49BE-9651-CDC9B27C91B5}.Release|Any CPU.Build.0 = Release|Any CPU
	EndGlobalSection
	GlobalSection(SolutionProperties) = preSolution
		HideSolutionNode = FALSE
	EndGlobalSection
	GlobalSection(NestedProjects) = preSolution
		{F2316F69-0908-4206-85BA-65AF879EB1A3} = {A9345EEB-A5E2-4F8F-AFBE-02CC5230EF81}
	EndGlobalSection
EndGlobal
